
Microsoft Visual Studio Solution File, Format Version 12.00
# Visual Studio Version 17
VisualStudioVersion = 17.8.34316.72
MinimumVisualStudioVersion = 10.0.40219.1
Project("{FAE04EC0-301F-11D3-BF4B-00C04F79EFBC}") = "Prac4", "Prac4.csproj", "{FA69E6D2-E88A-4E25-B1A5-D5D5CB3260EA}"
EndProject
Global
	GlobalSection(SolutionConfigurationPlatforms) = preSolution
		Debug|Any CPU = Debug|Any CPU
		Release|Any CPU = Release|Any CPU
	EndGlobalSection
	GlobalSection(ProjectConfigurationPlatforms) = postSolution
		{FA69E6D2-E88A-4E25-B1A5-D5D5CB3260EA}.Debug|Any CPU.ActiveCfg = Debug|Any CPU
		{FA69E6D2-E88A-4E25-B1A5-D5D5CB3260EA}.Debug|Any CPU.Build.0 = Debug|Any CPU
		{FA69E6D2-E88A-4E25-B1A5-D5D5CB3260EA}.Release|Any CPU.ActiveCfg = Release|Any CPU
		{FA69E6D2-E88A-4E25-B1A5-D5D5CB3260EA}.Release|Any CPU.Build.0 = Release|Any CPU
	EndGlobalSection
	GlobalSection(SolutionProperties) = preSolution
		HideSolutionNode = FALSE
	EndGlobalSection
	GlobalSection(ExtensibilityGlobals) = postSolution
		SolutionGuid = {9D96F002-BB9F-4FF4-9488-5DDCA7345E68}
	EndGlobalSection
EndGlobal
